[common]
url = "https://github.com/jabratech/wit-common/archive/v0.1.2.tar.gz"
sha256 = "5f3e003bff4e2f45c6cf7caf8f0999ca07c805d278b8a44d01aee1a0a3b09655"
sha512 = "7fdd6ac8a3d61601c8950cc8e1f4eeecfc2e0d89a8d813b6bf1b50fd9f72f151bb53904e2cbad8fe6040b17970384ecb10aac0dfec42546785b9d99d09e4c974"

[garman-kohlhagen]
url = "https://github.com/jabratech/wit-garman-kohlhagen/archive/v0.1.2.tar.gz"
sha256 = "dbaf83bc33ebf9f320a856d78b759ce1656441905288864608ba3641ce58ff33"
sha512 = "5221e265eac31f42cc248ead72b6c10ea3a26c61e11e2e6abb66b6089e936b860bcada82cbf5fab8f58ee169748db665925144610fe5cec09a741d9cb6db35a3"

[index-provider]
url = "https://github.com/jabratech/wit-index-provider/archive/v0.1.0.tar.gz"
sha256 = "dea1bdf0c5825498df625d5986bd19a16a7e7d50dc1337449f851473350373dc"
sha512 = "6229590fb6d8196df59d209bfcde199c912d9154b66639168f3f85b2d789707a8cd30a801623407307e55fedb3ea2d2166e6fdd0d7a572c66e4929c1c051abfa"

[iv-calculator-csi]
url = "https://github.com/jabratech/wit-iv-calculator-csi/archive/v0.1.1.tar.gz"
sha256 = "e077384be5da36623caba8cbc778ac669d4891c6f6d71d66ff9608d50e32ef7e"
sha512 = "ee67cb42593650622d1b76cc770f4c142522fd1e5a14ec6482911e25d37aeefd6e7920fbe638a9943985bf630535d7127b362cb2274b7add1476ee5e692e161f"
deps = ["logging"]

[logging]
sha256 = "9676b482485bb0fd2751a390374c1108865a096b7037f4b5dbe524f066bfb06e"
sha512 = "30a621a6d48a0175e8047c062e618523a85f69c45a7c31918da2b888f7527fce1aca67fa132552222725d0f6cdcaed95be7f16c28488d9468c0fad00cb7450b9"

[r2-calculator-csi]
url = "https://github.com/jabratech/wit-r2-calculator-csi/archive/v0.1.1.tar.gz"
sha256 = "cff481c853d0d906df99329b384f8d407836985ee73efd880da18ac82e824c3f"
sha512 = "160177760c382d43664db74aa731de6bae45eae3704a18b9240ee6f3d56dc917cad5d4d4af81c40c00dcca74c5b6280ee55c9cb72b059d46ad5d3866f599ad34"

[ticker-provider]
url = "https://github.com/jabratech/wit-ticker-provider/archive/v0.1.5.tar.gz"
sha256 = "4a65c58b62ad4336e8c4591c3d0892114d03d896a6429a05e16f31e36e4f1276"
sha512 = "58c7ebae482b4e1c4d41a57250e5b80eb11d0dbe52eb3ed3e270620759cb96809c40b1ab5cbc6ad0dfcf1d8a2154a15d075ba583f4106ce45142aed01413d306"
