[common]
url = "https://github.com/jabratech/wit-common/archive/main.tar.gz"
sha256 = "a1d39ee16425cc9873f0d1b724ab53065507d5004d6086695460f77e58b155aa"
sha512 = "c610cfafc072f26745c768ab0b73056f530d2de30e7b7f84a227ff3f62dd66334fcec1be157180dd88fca0d4c8a27027cc155f452e7e4fa27bbb98e8a25412ec"

[garman-kohlhagen]
url = "https://github.com/jabratech/wit-garman-kohlhagen/archive/main.tar.gz"
sha256 = "9a5175e7a87b0854204a6594d94e8b6620bfacd1322c9708c4c391c1347c22c6"
sha512 = "062fd58530f95ed927adc21484a10401ec2fb01d7c208ab8049f449ad5f4b59eda5226dc04f572ef65577ce772c2ba2ab357d0b408d9d3ae4b057eb56a8c4592"

[index-provider]
url = "https://github.com/jabratech/wit-index-provider/archive/main.tar.gz"
sha256 = "a6b630232818da21842d6cc69aae3b1a6895180767f6e34e6660d203fdc5cdb8"
sha512 = "99d5c97e039a3afec148526e35fd1668397e4893ac1e961a755c31ad65f98c4de31f0c9c0ee52b6d2dae787f19d1b73ed2923a6b659f3fc234b865adec405ab9"

[iv-calculator-csi]
url = "https://github.com/jabratech/wit-iv-calculator-csi/archive/main.tar.gz"
sha256 = "7efede76a0845a21275db2c0fe9b98a47a997225ee2289974e9cdae42a7621c0"
sha512 = "e2b29950939208c503d0c61c460c12d5de77bb571c71d6c153c2fe71e7b85a23d1811eb3dc0e4d0266edbd740ccff28581aa921570bc295f4dd83f64df5aca7b"
deps = ["logging"]

[logging]
sha256 = "9676b482485bb0fd2751a390374c1108865a096b7037f4b5dbe524f066bfb06e"
sha512 = "30a621a6d48a0175e8047c062e618523a85f69c45a7c31918da2b888f7527fce1aca67fa132552222725d0f6cdcaed95be7f16c28488d9468c0fad00cb7450b9"

[r2-calculator-csi]
url = "https://github.com/jabratech/wit-r2-calculator-csi/archive/main.tar.gz"
sha256 = "aecb3a63cec03b5b3a89bbc0d04ef00a6970a798d5546cc844424f507929f899"
sha512 = "92404d43fcf5f049d8fb839267656316089b5c51e9f02be4abf4713a0bfb7a7334d90054829cad269e7de27fe4769f532e78e8118dfbb13659ca183d7571f3f6"
deps = ["logging"]

[ticker-provider]
url = "https://github.com/jabratech/wit-ticker-provider/archive/main.tar.gz"
sha256 = "4f20218e2ca3994eec14d58fee99d054ec4aa08f33a09f0f29fb9718de43d2b6"
sha512 = "530c00f937271933f5ce6cda8684099947ed85c8b5bdacf2670d787a90268837f0c64eb15d8599523e4f4dae0d06f38f4db531d1190f2aa03f91ddd8b61104d4"
